{
  "version": 4,
  "terraform_version": "1.9.7",
  "serial": 2,
  "lineage": "0518c933-37bb-5539-522c-61571dbc849f",
  "outputs": {
    "vpc_cidr_block": {
      "value": "10.0.0.0/16",
      "type": "string"
    },
    "vpc_id": {
      "value": "vpc-0d993b9097c2ef574",
      "type": "string"
    }
  },
  "resources": [
    {
      "mode": "managed",
      "type": "aws_vpc",
      "name": "my_dev_vpc",
      "provider": "provider[\"registry.terraform.io/hashicorp/aws\"]",
      "instances": [
        {
          "schema_version": 1,
          "attributes": {
            "arn": "arn:aws:ec2:us-east-1:575108956505:vpc/vpc-0d993b9097c2ef574",
            "assign_generated_ipv6_cidr_block": false,
            "cidr_block": "10.0.0.0/16",
            "default_network_acl_id": "acl-01fba94b746c08a84",
            "default_route_table_id": "rtb-07da9de730d234511",
            "default_security_group_id": "sg-0e5fb52a516992624",
            "dhcp_options_id": "dopt-01f28bcaa903e605a",
            "enable_dns_hostnames": true,
            "enable_dns_support": true,
            "enable_network_address_usage_metrics": false,
            "id": "vpc-0d993b9097c2ef574",
            "instance_tenancy": "default",
            "ipv4_ipam_pool_id": null,
            "ipv4_netmask_length": null,
            "ipv6_association_id": "",
            "ipv6_cidr_block": "",
            "ipv6_cidr_block_network_border_group": "",
            "ipv6_ipam_pool_id": "",
            "ipv6_netmask_length": 0,
            "main_route_table_id": "rtb-07da9de730d234511",
            "owner_id": "575108956505",
            "tags": {
              "Name": "my-dev-vpc"
            },
            "tags_all": {
              "Name": "my-dev-vpc"
            }
          },
          "sensitive_attributes": [],
          "private": "eyJzY2hlbWFfdmVyc2lvbiI6IjEifQ=="
        }
      ]
    }
  ],
  "check_results": null
}
